{
  "name": "workspace",
  "version": "1.0.0",
  "lockfileVersion": 3,
  "requires": true,
  "packages": {
    "": {
      "name": "workspace",
      "version": "1.0.0",
      "license": "ISC",
      "dependencies": {
        "ggt": "^1.4.1"
      }
    },
    "node_modules/ggt": {
      "version": "1.4.1",
      "resolved": "https://registry.npmjs.org/ggt/-/ggt-1.4.1.tgz",
      "integrity": "sha512-ES7N7Uw7qPyTgFr0Ppv9m1jL010iRCmHyUBUR+Zn5jcWCCMHS3Y3d2B7t+mie60NeAjB2QWV6fJ3OFq/0E+KXg==",
      "license": "MIT",
      "bin": {
        "ggt": "dist/main.js"
      },
      "engines": {
        "node": ">=18.0.0"
      }
    }
  }
}
